
Microsoft Visual Studio Solution File, Format Version 12.00
# Visual Studio Version 16
VisualStudioVersion = 16.0.29709.97
MinimumVisualStudioVersion = 10.0.40219.1
Project("{FAE04EC0-301F-11D3-BF4B-00C04F79EFBC}") = "Lab10", "Lab10.csproj", "{88F0AB9F-7E84-4F66-99C0-EFE555020755}"
EndProject
Global
	GlobalSection(SolutionConfigurationPlatforms) = preSolution
		Debug|Any CPU = Debug|Any CPU
		Release|Any CPU = Release|Any CPU
	EndGlobalSection
	GlobalSection(ProjectConfigurationPlatforms) = postSolution
		{88F0AB9F-7E84-4F66-99C0-EFE555020755}.Debug|Any CPU.ActiveCfg = Debug|Any CPU
		{88F0AB9F-7E84-4F66-99C0-EFE555020755}.Debug|Any CPU.Build.0 = Debug|Any CPU
		{88F0AB9F-7E84-4F66-99C0-EFE555020755}.Release|Any CPU.ActiveCfg = Release|Any CPU
		{88F0AB9F-7E84-4F66-99C0-EFE555020755}.Release|Any CPU.Build.0 = Release|Any CPU
	EndGlobalSection
	GlobalSection(SolutionProperties) = preSolution
		HideSolutionNode = FALSE
	EndGlobalSection
	GlobalSection(ExtensibilityGlobals) = postSolution
		SolutionGuid = {896EEA56-0BF8-43BD-AA89-B3016117F7CA}
	EndGlobalSection
EndGlobal
